GIT
  remote: https://github.com/morygonzalez/kaminari-sinatra.git
  revision: 45cba48c36981189e6f2d5da98e9acd68e35004d
  specs:
    kaminari-sinatra (1.0.1)
      actionview
      kaminari-core (~> 1.0)
      padrino-helpers
      sinatra

GIT
  remote: https://github.com/morygonzalez/padrino-framework.git
  revision: 2c94a4e5695e35fa8226bf02735bec2915ff3ccd
  specs:
    padrino-helpers (0.16.0.pre3)
      i18n (>= 0.6.7, < 2)
      padrino-support (= 0.16.0.pre3)
      tilt (>= 1.4.1, < 3)
    padrino-support (0.16.0.pre3)

GIT
  remote: https://github.com/morygonzalez/sinatra-cache.git
  revision: af2de15df9ed8ae57aae67df979d45f04a7ee248
  specs:
    sinatra-cache (0.3.7)
      sinatra

GIT
  remote: https://github.com/morygonzalez/tantiny.git
  revision: c42331f76ac6d940539bceff8fdc60e722d6f552
  specs:
    tantiny (0.3.3)
      concurrent-ruby (~> 1.0)
      rake (~> 13.0)
      ruby-next (~> 0.14.0)
      rutie (~> 0.0.4)
      thermite (~> 0)

GIT
  remote: https://github.com/ridewithgps/rubyfit.git
  revision: 7268e76c3c66979697621fd4dc2d377ec4808895
  specs:
    rubyfit (0.0.18)

GEM
  remote: https://rubygems.org/
  specs:
    RedCloth (4.3.4)
    actionview (6.1.7.10)
      activesupport (= 6.1.7.10)
      builder (~> 3.1)
      erubi (~> 1.4)
      rails-dom-testing (~> 2.0)
      rails-html-sanitizer (~> 1.1, >= 1.2.0)
    activemodel (6.1.7.10)
      activesupport (= 6.1.7.10)
    activerecord (6.1.7.10)
      activemodel (= 6.1.7.10)
      activesupport (= 6.1.7.10)
    activerecord-import (2.0.0)
      activerecord (>= 4.2)
    activesupport (6.1.7.10)
      concurrent-ruby (~> 1.0, >= 1.0.2)
      i18n (>= 1.6, < 2)
      minitest (>= 5.1)
      tzinfo (~> 2.0)
      zeitwerk (~> 2.3)
    addressable (2.8.7)
      public_suffix (>= 2.0.2, < 7.0)
    airbrussh (1.5.3)
      sshkit (>= 1.6.1, != 1.7.0)
    ast (2.4.3)
    awesome_print (1.9.2)
    aws-eventstream (1.3.0)
    aws-partitions (1.1044.0)
    aws-sdk-core (3.217.1)
      aws-eventstream (~> 1, >= 1.3.0)
      aws-partitions (~> 1, >= 1.992.0)
      aws-sigv4 (~> 1.9)
      jmespath (~> 1, >= 1.6.1)
    aws-sdk-kms (1.97.0)
      aws-sdk-core (~> 3, >= 3.216.0)
      aws-sigv4 (~> 1.5)
    aws-sdk-s3 (1.179.0)
      aws-sdk-core (~> 3, >= 3.216.0)
      aws-sdk-kms (~> 1)
      aws-sigv4 (~> 1.5)
    aws-sdk-sesv2 (1.69.0)
      aws-sdk-core (~> 3, >= 3.216.0)
      aws-sigv4 (~> 1.5)
    aws-sigv4 (1.11.0)
      aws-eventstream (~> 1, >= 1.0.2)
    backports (3.25.0)
    base64 (0.2.0)
    bcrypt (3.1.20)
    better_errors (2.10.1)
      erubi (>= 1.0.0)
      rack (>= 0.9.0)
      rouge (>= 1.0.0)
    bigdecimal (3.1.9)
    binding_of_caller (1.0.1)
      debug_inspector (>= 1.2.0)
    bond (0.5.1)
    builder (3.3.0)
    capistrano (3.19.2)
      airbrussh (>= 1.0.0)
      i18n
      rake (>= 10.0.0)
      sshkit (>= 1.9.0)
    capistrano-bundler (2.1.1)
      capistrano (~> 3.1)
    capistrano-rbenv (2.2.0)
      capistrano (~> 3.1)
      sshkit (~> 1.3)
    capistrano-rbenv-install (1.2.0)
      capistrano (>= 3.0)
      capistrano-rbenv (>= 2.0)
    capistrano3-puma (6.0.0)
      capistrano (~> 3.7)
      capistrano-bundler
      puma (>= 5.1, < 7.0)
    cld (0.13.0)
      ffi
    coderay (1.1.3)
    coffee-script (2.4.1)
      coffee-script-source
      execjs
    coffee-script-source (1.12.2)
    concurrent-ruby (1.3.4)
    crass (1.0.6)
    csv (3.3.5)
    database_cleaner-active_record (2.2.0)
      activerecord (>= 5.a)
      database_cleaner-core (~> 2.0.0)
    database_cleaner-core (2.0.1)
    debug_inspector (1.2.0)
    diff-lcs (1.6.2)
    docile (1.4.1)
    domain_name (0.6.20240107)
    dotenv (3.1.7)
    erubi (1.13.1)
    event_stream_parser (1.0.0)
    execjs (2.10.0)
    exiftool (1.2.6)
      json
    factory_girl (4.9.0)
      activesupport (>= 3.0.0)
    faraday (1.10.4)
      faraday-em_http (~> 1.0)
      faraday-em_synchrony (~> 1.0)
      faraday-excon (~> 1.1)
      faraday-httpclient (~> 1.0)
      faraday-multipart (~> 1.0)
      faraday-net_http (~> 1.0)
      faraday-net_http_persistent (~> 1.0)
      faraday-patron (~> 1.0)
      faraday-rack (~> 1.0)
      faraday-retry (~> 1.0)
      ruby2_keywords (>= 0.0.4)
    faraday-em_http (1.0.0)
    faraday-em_synchrony (1.0.1)
    faraday-excon (1.1.0)
    faraday-httpclient (1.0.1)
    faraday-multipart (1.1.1)
      multipart-post (~> 2.0)
    faraday-net_http (1.0.2)
    faraday-net_http_persistent (1.2.0)
    faraday-patron (1.0.0)
    faraday-rack (1.0.0)
    faraday-retry (1.0.3)
    faraday_middleware (1.2.1)
      faraday (~> 1.0)
    fastimage (2.4.0)
    ffi (1.17.1)
    ffi-compiler (1.3.2)
      ffi (>= 1.15.5)
      rake
    get_process_mem (1.0.0)
      bigdecimal (>= 2.0)
      ffi (~> 1.0)
    gpx (1.2.2)
      csv
      nokogiri (~> 1.7)
      rake
    haml (6.3.0)
      temple (>= 0.8.2)
      thor
      tilt
    haml-lint (0.999.999)
      haml_lint
    haml_lint (0.60.0)
      haml (>= 5.0)
      parallel (~> 1.10)
      rainbow
      rubocop (>= 1.0)
      sysexits (~> 1.1)
    http (5.2.0)
      addressable (~> 2.8)
      base64 (~> 0.1)
      http-cookie (~> 1.0)
      http-form_data (~> 2.2)
      llhttp-ffi (~> 0.5.0)
    http-cookie (1.0.8)
      domain_name (~> 0.5)
    http-form_data (2.3.0)
    i18n (1.14.7)
      concurrent-ruby (~> 1.0)
    jmespath (1.6.2)
    json (2.9.1)
    kaminari-activerecord (1.2.2)
      activerecord
      kaminari-core (= 1.2.2)
    kaminari-core (1.2.2)
    kramdown (2.5.1)
      rexml (>= 3.3.9)
    language_server-protocol (3.17.0.4)
    llhttp-ffi (0.5.0)
      ffi-compiler (~> 1.0)
      rake (~> 13.0)
    logger (1.6.5)
    loofah (2.24.0)
      crass (~> 1.0.2)
      nokogiri (>= 1.12.0)
    marcel (1.0.4)
    method_source (1.1.0)
    mini_magick (5.1.0)
    mini_portile2 (2.8.9)
    minitar (0.12.1)
    minitest (5.25.4)
    multi_json (1.15.0)
    multipart-post (2.4.1)
    mustermann (3.0.3)
      ruby2_keywords (~> 0.0.1)
    mysql2 (0.5.6)
    natto (1.2.0)
      ffi (>= 1.9.0)
    net-scp (4.1.0)
      net-ssh (>= 2.6.5, < 8.0.0)
    net-sftp (4.0.0)
      net-ssh (>= 5.0.0, < 8.0.0)
    net-ssh (7.3.0)
    nio4r (2.7.4)
    nokogiri (1.18.2)
      mini_portile2 (~> 2.8.2)
      racc (~> 1.4)
    open_graph_reader (0.8.0)
      faraday (>= 0.9.0)
      nokogiri (~> 1.6)
    ostruct (0.6.1)
    parallel (1.26.3)
    parser (3.3.10.1)
      ast (~> 2.4.1)
      racc
    pg (1.5.9)
    pry (0.15.2)
      coderay (~> 1.1)
      method_source (~> 1.0)
    public_suffix (6.0.1)
    puma (6.6.0)
      nio4r (~> 2.0)
    puma_worker_killer (1.0.0)
      bigdecimal (>= 2.0)
      get_process_mem (>= 0.2)
      puma (>= 2.7)
    racc (1.8.1)
    rack (3.1.9)
    rack-flash (0.1.2)
      rack
    rack-protection (4.1.1)
      base64 (>= 0.1.0)
      logger (>= 1.6.0)
      rack (>= 3.0.0, < 4)
    rack-recaptcha2 (1.0.0)
      json
    rack-session (2.1.0)
      base64 (>= 0.1.0)
      rack (>= 3.0.0)
    rack-ssl-enforcer (0.2.9)
    rack-test (2.2.0)
      rack (>= 1.3)
    rackup (2.2.1)
      rack (>= 3)
    rails-dom-testing (2.2.0)
      activesupport (>= 5.0.0)
      minitest
      nokogiri (>= 1.6)
    rails-html-sanitizer (1.6.2)
      loofah (~> 2.21)
      nokogiri (>= 1.15.7, != 1.16.7, != 1.16.6, != 1.16.5, != 1.16.4, != 1.16.3, != 1.16.2, != 1.16.1, != 1.16.0.rc1, != 1.16.0)
    rainbow (3.1.1)
    rake (13.3.1)
    redcarpet (3.6.0)
    regexp_parser (2.10.0)
    request_store (1.7.0)
      rack (>= 1.4)
    rexml (3.4.0)
    ripl (0.7.1)
      bond (~> 0.5.1)
    ripl-multi_line (0.3.1)
      ripl (>= 0.3.6)
    ripl-rack (0.2.0)
      rack (>= 1.0)
      rack-test (>= 0.5)
      ripl (>= 0.3.5)
    rouge (4.5.1)
    rspec (3.12.0)
      rspec-core (~> 3.12.0)
      rspec-expectations (~> 3.12.0)
      rspec-mocks (~> 3.12.0)
    rspec-core (3.12.2)
      rspec-support (~> 3.12.0)
    rspec-expectations (3.12.4)
      diff-lcs (>= 1.2.0, < 2.0)
      rspec-support (~> 3.12.0)
    rspec-its (1.3.0)
      rspec-core (>= 3.0.0)
      rspec-expectations (>= 3.0.0)
    rspec-mocks (3.12.5)
      diff-lcs (>= 1.2.0, < 2.0)
      rspec-support (~> 3.12.0)
    rspec-support (3.12.1)
    rubocop (1.71.1)
      json (~> 2.3)
      language_server-protocol (>= 3.17.0)
      parallel (~> 1.10)
      parser (>= 3.3.0.2)
      rainbow (>= 2.2.2, < 4.0)
      regexp_parser (>= 2.9.3, < 3.0)
      rubocop-ast (>= 1.38.0, < 2.0)
      ruby-progressbar (~> 1.7)
      unicode-display_width (>= 2.4.0, < 4.0)
    rubocop-ast (1.38.0)
      parser (>= 3.3.1.0)
    ruby-next (0.14.1)
      ruby-next-core (= 0.14.1)
      ruby-next-parser (>= 3.1.1.0)
      unparser (~> 0.6.0)
    ruby-next-core (0.14.1)
    ruby-next-parser (3.4.0.2)
      parser (>= 3.0.3.1)
    ruby-openai (8.3.0)
      event_stream_parser (>= 0.3.0, < 2.0.0)
      faraday (>= 1)
      faraday-multipart (>= 1)
    ruby-progressbar (1.13.0)
    ruby2_keywords (0.0.5)
    rubyzip (3.2.2)
    rutie (0.0.4)
    sassc (2.4.0)
      ffi (~> 1.9)
    simplecov (0.22.0)
      docile (~> 1.1)
      simplecov-html (~> 0.11)
      simplecov_json_formatter (~> 0.1)
    simplecov-html (0.13.1)
    simplecov_json_formatter (0.1.4)
    sinatra (4.1.1)
      logger (>= 1.6.0)
      mustermann (~> 3.0)
      rack (>= 3.0.0, < 4)
      rack-protection (= 4.1.1)
      rack-session (>= 2.0.0, < 3)
      tilt (~> 2.0)
    sinatra-contrib (4.1.1)
      multi_json (>= 0.0.2)
      mustermann (~> 3.0)
      rack-protection (= 4.1.1)
      sinatra (= 4.1.1)
      tilt (~> 2.0)
    sinatra-flash (0.3.0)
      sinatra (>= 1.0.0)
    slim (5.2.1)
      temple (~> 0.10.0)
      tilt (>= 2.1.0)
    sqlite3 (1.7.3)
      mini_portile2 (~> 2.8.0)
    sshkit (1.23.2)
      base64
      net-scp (>= 1.1.2)
      net-sftp (>= 2.1.2)
      net-ssh (>= 2.8.0)
      ostruct
    sysexits (1.2.0)
    temple (0.10.3)
    thermite (0.13.0)
      minitar (~> 0.5)
      rake (>= 10)
      tomlrb (~> 1.2)
    thor (1.3.2)
    tilt (2.1.0)
    tomlrb (1.3.0)
    tux (0.3.0)
      ripl (>= 0.3.5)
      ripl-multi_line (>= 0.2.4)
      ripl-rack (>= 0.2.0)
      sinatra (>= 1.2.1)
    tzinfo (2.0.6)
      concurrent-ruby (~> 1.0)
    unicode-display_width (3.1.4)
      unicode-emoji (~> 4.0, >= 4.0.4)
    unicode-emoji (4.0.4)
    unparser (0.6.15)
      diff-lcs (~> 1.3)
      parser (>= 3.3.0)
    vacuum (4.2.0)
      aws-sigv4 (~> 1.0)
      http (>= 4.0, < 6.0)
    yard (0.9.37)
    yard-sinatra (1.0.0)
      yard (~> 0.7)
    zeitwerk (2.6.18)

PLATFORMS
  ruby

DEPENDENCIES
  RedCloth
  activerecord (~> 6.0)
  activerecord-import
  activesupport (~> 6.0)
  awesome_print
  aws-sdk-s3
  aws-sdk-sesv2
  backports
  bcrypt
  better_errors
  binding_of_caller
  builder
  bundler
  capistrano
  capistrano-bundler
  capistrano-rbenv
  capistrano-rbenv-install
  capistrano3-puma
  cld
  coderay
  coffee-script
  concurrent-ruby (< 1.3.5)
  database_cleaner-active_record
  dotenv
  exiftool
  factory_girl (~> 4.0)
  faraday_middleware
  fastimage
  gpx (~> 1.1)
  haml
  haml-lint
  i18n
  json (~> 2.3)
  kaminari-activerecord
  kaminari-sinatra!
  kramdown
  marcel
  mini_magick
  mysql2
  natto
  nokogiri
  open_graph_reader
  padrino-helpers!
  parallel
  pg
  pry
  puma
  puma_worker_killer
  rack
  rack-flash
  rack-recaptcha2
  rack-ssl-enforcer
  rack-test
  rackup
  rake
  redcarpet
  request_store
  rouge
  rspec (~> 3.12)
  rspec-its
  rubocop
  ruby-openai
  rubyfit!
  rubyzip
  sassc
  simplecov
  sinatra
  sinatra-cache!
  sinatra-contrib
  sinatra-flash
  slim
  sqlite3 (~> 1.4)
  sshkit
  tantiny!
  tilt (~> 2.1.0)
  tux
  vacuum
  yard-sinatra

RUBY VERSION
   ruby 3.2.7p253

BUNDLED WITH
   2.6.3
